PODS:
  - CombineDisposeBag (0.1.0)

DEPENDENCIES:
  - CombineDisposeBag (from `../`)

EXTERNAL SOURCES:
  CombineDisposeBag:
    :path: "../"

SPEC CHECKSUMS:
  CombineDisposeBag: 93a3c4a4657e519a4adfe2da81e1bbf0626025a8

PODFILE CHECKSUM: 893a29d8c1a32f3fb270205ccb75215a115d8daa

COCOAPODS: 1.7.2
